// !$*UTF8*$!
{
	archiveVersion = 1;
	classes = {
	};
	objectVersion = 55;
	objects = {

/* Begin PBXBuildFile section */
		1B748A8D2892C7E0008AC086 /* StatView.swift in Sources */ = {isa = PBXBuildFile; fileRef = 1B748A8C2892C7E0008AC086 /* StatView.swift */; };
		1B748A8E2892C7E0008AC086 /* StatView.swift in Sources */ = {isa = PBXBuildFile; fileRef = 1B748A8C2892C7E0008AC086 /* StatView.swift */; };
		1B7CFC4128960DD6007591A9 /* teste.swift in Sources */ = {isa = PBXBuildFile; fileRef = 1B7CFC4028960DD6007591A9 /* teste.swift */; };
		1B7CFC4228960DD6007591A9 /* teste.swift in Sources */ = {isa = PBXBuildFile; fileRef = 1B7CFC4028960DD6007591A9 /* teste.swift */; };
		1B7DCE47289AC25600B4BA8E /* PokebattleVIew.swift in Sources */ = {isa = PBXBuildFile; fileRef = 1B7DCE46289AC25600B4BA8E /* PokebattleVIew.swift */; };
		1B7DCE48289AC25600B4BA8E /* PokebattleVIew.swift in Sources */ = {isa = PBXBuildFile; fileRef = 1B7DCE46289AC25600B4BA8E /* PokebattleVIew.swift */; };
		1B7E0BAE289570420028B1EA /* ButtonView.swift in Sources */ = {isa = PBXBuildFile; fileRef = 1B7E0BAD289570420028B1EA /* ButtonView.swift */; };
		1B7E0BAF289570420028B1EA /* ButtonView.swift in Sources */ = {isa = PBXBuildFile; fileRef = 1B7E0BAD289570420028B1EA /* ButtonView.swift */; };
		1B8417CF28996926007CAA5D /* PokemonPartyView.swift in Sources */ = {isa = PBXBuildFile; fileRef = 1B8417CE28996926007CAA5D /* PokemonPartyView.swift */; };
		1B8417D028996926007CAA5D /* PokemonPartyView.swift in Sources */ = {isa = PBXBuildFile; fileRef = 1B8417CE28996926007CAA5D /* PokemonPartyView.swift */; };
		1B85BBEE28981ABF0013EFCF /* CoreDataModel.xcdatamodeld in Sources */ = {isa = PBXBuildFile; fileRef = 1B85BBEC28981ABF0013EFCF /* CoreDataModel.xcdatamodeld */; };
		1B85BBEF28981ABF0013EFCF /* CoreDataModel.xcdatamodeld in Sources */ = {isa = PBXBuildFile; fileRef = 1B85BBEC28981ABF0013EFCF /* CoreDataModel.xcdatamodeld */; };
		1B85BBF128981F170013EFCF /* CoreDataManager.swift in Sources */ = {isa = PBXBuildFile; fileRef = 1B85BBF028981F170013EFCF /* CoreDataManager.swift */; };
		1B85BBF228981F170013EFCF /* CoreDataManager.swift in Sources */ = {isa = PBXBuildFile; fileRef = 1B85BBF028981F170013EFCF /* CoreDataManager.swift */; };
		1BCD3F2E28914A2C00A7A3B4 /* Tests_iOS.swift in Sources */ = {isa = PBXBuildFile; fileRef = 1BCD3F2D28914A2C00A7A3B4 /* Tests_iOS.swift */; };
		1BCD3F3028914A2C00A7A3B4 /* Tests_iOSLaunchTests.swift in Sources */ = {isa = PBXBuildFile; fileRef = 1BCD3F2F28914A2C00A7A3B4 /* Tests_iOSLaunchTests.swift */; };
		1BCD3F3A28914A2D00A7A3B4 /* Tests_macOS.swift in Sources */ = {isa = PBXBuildFile; fileRef = 1BCD3F3928914A2D00A7A3B4 /* Tests_macOS.swift */; };
		1BCD3F3C28914A2D00A7A3B4 /* Tests_macOSLaunchTests.swift in Sources */ = {isa = PBXBuildFile; fileRef = 1BCD3F3B28914A2D00A7A3B4 /* Tests_macOSLaunchTests.swift */; };
		1BCD3F3D28914A2D00A7A3B4 /* PokemonFinalApp.swift in Sources */ = {isa = PBXBuildFile; fileRef = 1BCD3F1528914A2B00A7A3B4 /* PokemonFinalApp.swift */; };
		1BCD3F3E28914A2D00A7A3B4 /* PokemonFinalApp.swift in Sources */ = {isa = PBXBuildFile; fileRef = 1BCD3F1528914A2B00A7A3B4 /* PokemonFinalApp.swift */; };
		1BCD3F3F28914A2D00A7A3B4 /* ContentView.swift in Sources */ = {isa = PBXBuildFile; fileRef = 1BCD3F1628914A2B00A7A3B4 /* ContentView.swift */; };
		1BCD3F4028914A2D00A7A3B4 /* ContentView.swift in Sources */ = {isa = PBXBuildFile; fileRef = 1BCD3F1628914A2B00A7A3B4 /* ContentView.swift */; };
		1BCD3F4128914A2D00A7A3B4 /* Assets.xcassets in Resources */ = {isa = PBXBuildFile; fileRef = 1BCD3F1728914A2C00A7A3B4 /* Assets.xcassets */; };
		1BCD3F4228914A2D00A7A3B4 /* Assets.xcassets in Resources */ = {isa = PBXBuildFile; fileRef = 1BCD3F1728914A2C00A7A3B4 /* Assets.xcassets */; };
		1BCD3F5428914AAB00A7A3B4 /* PokemonImage.swift in Sources */ = {isa = PBXBuildFile; fileRef = 1BCD3F5328914AAB00A7A3B4 /* PokemonImage.swift */; };
		1BCD3F5528914AAB00A7A3B4 /* PokemonImage.swift in Sources */ = {isa = PBXBuildFile; fileRef = 1BCD3F5328914AAB00A7A3B4 /* PokemonImage.swift */; };
		1BCD3F5828914ACA00A7A3B4 /* PokemonSelected.swift in Sources */ = {isa = PBXBuildFile; fileRef = 1BCD3F5628914ACA00A7A3B4 /* PokemonSelected.swift */; };
		1BCD3F5928914ACA00A7A3B4 /* PokemonSelected.swift in Sources */ = {isa = PBXBuildFile; fileRef = 1BCD3F5628914ACA00A7A3B4 /* PokemonSelected.swift */; };
		1BCD3F5A28914ACA00A7A3B4 /* Pokemon.swift in Sources */ = {isa = PBXBuildFile; fileRef = 1BCD3F5728914ACA00A7A3B4 /* Pokemon.swift */; };
		1BCD3F5B28914ACA00A7A3B4 /* Pokemon.swift in Sources */ = {isa = PBXBuildFile; fileRef = 1BCD3F5728914ACA00A7A3B4 /* Pokemon.swift */; };
		1BCD3F5D2891525900A7A3B4 /* PokeDetailView.swift in Sources */ = {isa = PBXBuildFile; fileRef = 1BCD3F5C2891525900A7A3B4 /* PokeDetailView.swift */; };
		1BCD3F5E2891525900A7A3B4 /* PokeDetailView.swift in Sources */ = {isa = PBXBuildFile; fileRef = 1BCD3F5C2891525900A7A3B4 /* PokeDetailView.swift */; };
/* End PBXBuildFile section */

/* Begin PBXContainerItemProxy section */
		1BCD3F2A28914A2C00A7A3B4 /* PBXContainerItemProxy */ = {
			isa = PBXContainerItemProxy;
			containerPortal = 1BCD3F1028914A2B00A7A3B4 /* Project object */;
			proxyType = 1;
			remoteGlobalIDString = 1BCD3F1B28914A2C00A7A3B4;
			remoteInfo = "PokemonFinal (iOS)";
		};
		1BCD3F3628914A2D00A7A3B4 /* PBXContainerItemProxy */ = {
			isa = PBXContainerItemProxy;
			containerPortal = 1BCD3F1028914A2B00A7A3B4 /* Project object */;
			proxyType = 1;
			remoteGlobalIDString = 1BCD3F2128914A2C00A7A3B4;
			remoteInfo = "PokemonFinal (macOS)";
		};
/* End PBXContainerItemProxy section */

/* Begin PBXFileReference section */
		1B748A8C2892C7E0008AC086 /* StatView.swift */ = {isa = PBXFileReference; lastKnownFileType = sourcecode.swift; path = StatView.swift; sourceTree = "<group>"; };
		1B7CFC4028960DD6007591A9 /* teste.swift */ = {isa = PBXFileReference; lastKnownFileType = sourcecode.swift; path = teste.swift; sourceTree = "<group>"; };
		1B7DCE46289AC25600B4BA8E /* PokebattleVIew.swift */ = {isa = PBXFileReference; lastKnownFileType = sourcecode.swift; path = PokebattleVIew.swift; sourceTree = "<group>"; };
		1B7E0BAD289570420028B1EA /* ButtonView.swift */ = {isa = PBXFileReference; lastKnownFileType = sourcecode.swift; path = ButtonView.swift; sourceTree = "<group>"; };
		1B8417CE28996926007CAA5D /* PokemonPartyView.swift */ = {isa = PBXFileReference; lastKnownFileType = sourcecode.swift; path = PokemonPartyView.swift; sourceTree = "<group>"; };
		1B85BBED28981ABF0013EFCF /* CoreDataModel.xcdatamodel */ = {isa = PBXFileReference; lastKnownFileType = wrapper.xcdatamodel; path = CoreDataModel.xcdatamodel; sourceTree = "<group>"; };
		1B85BBF028981F170013EFCF /* CoreDataManager.swift */ = {isa = PBXFileReference; lastKnownFileType = sourcecode.swift; path = CoreDataManager.swift; sourceTree = "<group>"; };
		1BCD3F1528914A2B00A7A3B4 /* PokemonFinalApp.swift */ = {isa = PBXFileReference; lastKnownFileType = sourcecode.swift; path = PokemonFinalApp.swift; sourceTree = "<group>"; };
		1BCD3F1628914A2B00A7A3B4 /* ContentView.swift */ = {isa = PBXFileReference; lastKnownFileType = sourcecode.swift; path = ContentView.swift; sourceTree = "<group>"; };
		1BCD3F1728914A2C00A7A3B4 /* Assets.xcassets */ = {isa = PBXFileReference; lastKnownFileType = folder.assetcatalog; path = Assets.xcassets; sourceTree = "<group>"; };
		1BCD3F1C28914A2C00A7A3B4 /* PokemonFinal.app */ = {isa = PBXFileReference; explicitFileType = wrapper.application; includeInIndex = 0; path = PokemonFinal.app; sourceTree = BUILT_PRODUCTS_DIR; };
		1BCD3F2228914A2C00A7A3B4 /* PokemonFinal.app */ = {isa = PBXFileReference; explicitFileType = wrapper.application; includeInIndex = 0; path = PokemonFinal.app; sourceTree = BUILT_PRODUCTS_DIR; };
		1BCD3F2428914A2C00A7A3B4 /* macOS.entitlements */ = {isa = PBXFileReference; lastKnownFileType = text.plist.entitlements; path = macOS.entitlements; sourceTree = "<group>"; };
		1BCD3F2928914A2C00A7A3B4 /* Tests iOS.xctest */ = {isa = PBXFileReference; explicitFileType = wrapper.cfbundle; includeInIndex = 0; path = "Tests iOS.xctest"; sourceTree = BUILT_PRODUCTS_DIR; };
		1BCD3F2D28914A2C00A7A3B4 /* Tests_iOS.swift */ = {isa = PBXFileReference; lastKnownFileType = sourcecode.swift; path = Tests_iOS.swift; sourceTree = "<group>"; };
		1BCD3F2F28914A2C00A7A3B4 /* Tests_iOSLaunchTests.swift */ = {isa = PBXFileReference; lastKnownFileType = sourcecode.swift; path = Tests_iOSLaunchTests.swift; sourceTree = "<group>"; };
		1BCD3F3528914A2D00A7A3B4 /* Tests macOS.xctest */ = {isa = PBXFileReference; explicitFileType = wrapper.cfbundle; includeInIndex = 0; path = "Tests macOS.xctest"; sourceTree = BUILT_PRODUCTS_DIR; };
		1BCD3F3928914A2D00A7A3B4 /* Tests_macOS.swift */ = {isa = PBXFileReference; lastKnownFileType = sourcecode.swift; path = Tests_macOS.swift; sourceTree = "<group>"; };
		1BCD3F3B28914A2D00A7A3B4 /* Tests_macOSLaunchTests.swift */ = {isa = PBXFileReference; lastKnownFileType = sourcecode.swift; path = Tests_macOSLaunchTests.swift; sourceTree = "<group>"; };
		1BCD3F5328914AAB00A7A3B4 /* PokemonImage.swift */ = {isa = PBXFileReference; fileEncoding = 4; lastKnownFileType = sourcecode.swift; name = PokemonImage.swift; path = ../../../../Documents/PokemonFinal/Pokedex/Views/PokemonImage.swift; sourceTree = "<group>"; };
		1BCD3F5628914ACA00A7A3B4 /* PokemonSelected.swift */ = {isa = PBXFileReference; fileEncoding = 4; lastKnownFileType = sourcecode.swift; name = PokemonSelected.swift; path = ../../../../Documents/PokemonFinal/Pokedex/Api/PokemonSelected.swift; sourceTree = "<group>"; };
		1BCD3F5728914ACA00A7A3B4 /* Pokemon.swift */ = {isa = PBXFileReference; fileEncoding = 4; lastKnownFileType = sourcecode.swift; name = Pokemon.swift; path = ../../../../Documents/PokemonFinal/Pokedex/Api/Pokemon.swift; sourceTree = "<group>"; };
		1BCD3F5C2891525900A7A3B4 /* PokeDetailView.swift */ = {isa = PBXFileReference; lastKnownFileType = sourcecode.swift; path = PokeDetailView.swift; sourceTree = "<group>"; };
/* End PBXFileReference section */

/* Begin PBXFrameworksBuildPhase section */
		1BCD3F1928914A2C00A7A3B4 /* Frameworks */ = {
			isa = PBXFrameworksBuildPhase;
			buildActionMask = 2147483647;
			files = (
			);
			runOnlyForDeploymentPostprocessing = 0;
		};
		1BCD3F1F28914A2C00A7A3B4 /* Frameworks */ = {
			isa = PBXFrameworksBuildPhase;
			buildActionMask = 2147483647;
			files = (
			);
			runOnlyForDeploymentPostprocessing = 0;
		};
		1BCD3F2628914A2C00A7A3B4 /* Frameworks */ = {
			isa = PBXFrameworksBuildPhase;
			buildActionMask = 2147483647;
			files = (
			);
			runOnlyForDeploymentPostprocessing = 0;
		};
		1BCD3F3228914A2D00A7A3B4 /* Frameworks */ = {
			isa = PBXFrameworksBuildPhase;
			buildActionMask = 2147483647;
			files = (
			);
			runOnlyForDeploymentPostprocessing = 0;
		};
/* End PBXFrameworksBuildPhase section */

/* Begin PBXGroup section */
		1BCD3F0F28914A2B00A7A3B4 = {
			isa = PBXGroup;
			children = (
				1BCD3F1428914A2B00A7A3B4 /* Shared */,
				1BCD3F2328914A2C00A7A3B4 /* macOS */,
				1BCD3F2C28914A2C00A7A3B4 /* Tests iOS */,
				1BCD3F3828914A2D00A7A3B4 /* Tests macOS */,
				1BCD3F1D28914A2C00A7A3B4 /* Products */,
			);
			sourceTree = "<group>";
		};
		1BCD3F1428914A2B00A7A3B4 /* Shared */ = {
			isa = PBXGroup;
			children = (
				1BCD3F1528914A2B00A7A3B4 /* PokemonFinalApp.swift */,
				1BCD3F5228914A6500A7A3B4 /* Api */,
				1BCD3F5128914A5A00A7A3B4 /* Views */,
				1BCD3F1728914A2C00A7A3B4 /* Assets.xcassets */,
				1B7CFC4028960DD6007591A9 /* teste.swift */,
				1B85BBEC28981ABF0013EFCF /* CoreDataModel.xcdatamodeld */,
				1B85BBF028981F170013EFCF /* CoreDataManager.swift */,
			);
			path = Shared;
			sourceTree = "<group>";
		};
		1BCD3F1D28914A2C00A7A3B4 /* Products */ = {
			isa = PBXGroup;
			children = (
				1BCD3F1C28914A2C00A7A3B4 /* PokemonFinal.app */,
				1BCD3F2228914A2C00A7A3B4 /* PokemonFinal.app */,
				1BCD3F2928914A2C00A7A3B4 /* Tests iOS.xctest */,
				1BCD3F3528914A2D00A7A3B4 /* Tests macOS.xctest */,
			);
			name = Products;
			sourceTree = "<group>";
		};
		1BCD3F2328914A2C00A7A3B4 /* macOS */ = {
			isa = PBXGroup;
			children = (
				1BCD3F2428914A2C00A7A3B4 /* macOS.entitlements */,
			);
			path = macOS;
			sourceTree = "<group>";
		};
		1BCD3F2C28914A2C00A7A3B4 /* Tests iOS */ = {
			isa = PBXGroup;
			children = (
				1BCD3F2D28914A2C00A7A3B4 /* Tests_iOS.swift */,
				1BCD3F2F28914A2C00A7A3B4 /* Tests_iOSLaunchTests.swift */,
			);
			path = "Tests iOS";
			sourceTree = "<group>";
		};
		1BCD3F3828914A2D00A7A3B4 /* Tests macOS */ = {
			isa = PBXGroup;
			children = (
				1BCD3F3928914A2D00A7A3B4 /* Tests_macOS.swift */,
				1BCD3F3B28914A2D00A7A3B4 /* Tests_macOSLaunchTests.swift */,
			);
			path = "Tests macOS";
			sourceTree = "<group>";
		};
		1BCD3F5128914A5A00A7A3B4 /* Views */ = {
			isa = PBXGroup;
			children = (
				1B7DCE46289AC25600B4BA8E /* PokebattleVIew.swift */,
				1BCD3F5328914AAB00A7A3B4 /* PokemonImage.swift */,
				1BCD3F1628914A2B00A7A3B4 /* ContentView.swift */,
				1BCD3F5C2891525900A7A3B4 /* PokeDetailView.swift */,
				1B748A8C2892C7E0008AC086 /* StatView.swift */,
				1B7E0BAD289570420028B1EA /* ButtonView.swift */,
				1B8417CE28996926007CAA5D /* PokemonPartyView.swift */,
			);
			path = Views;
			sourceTree = "<group>";
		};
		1BCD3F5228914A6500A7A3B4 /* Api */ = {
			isa = PBXGroup;
			children = (
				1BCD3F5728914ACA00A7A3B4 /* Pokemon.swift */,
				1BCD3F5628914ACA00A7A3B4 /* PokemonSelected.swift */,
			);
			path = Api;
			sourceTree = "<group>";
		};
/* End PBXGroup section */

/* Begin PBXNativeTarget section */
		1BCD3F1B28914A2C00A7A3B4 /* PokemonFinal (iOS) */ = {
			isa = PBXNativeTarget;
			buildConfigurationList = 1BCD3F4528914A2D00A7A3B4 /* Build configuration list for PBXNativeTarget "PokemonFinal (iOS)" */;
			buildPhases = (
				1BCD3F1828914A2C00A7A3B4 /* Sources */,
				1BCD3F1928914A2C00A7A3B4 /* Frameworks */,
				1BCD3F1A28914A2C00A7A3B4 /* Resources */,
			);
			buildRules = (
			);
			dependencies = (
			);
			name = "PokemonFinal (iOS)";
			productName = "PokemonFinal (iOS)";
			productReference = 1BCD3F1C28914A2C00A7A3B4 /* PokemonFinal.app */;
			productType = "com.apple.product-type.application";
		};
		1BCD3F2128914A2C00A7A3B4 /* PokemonFinal (macOS) */ = {
			isa = PBXNativeTarget;
			buildConfigurationList = 1BCD3F4828914A2D00A7A3B4 /* Build configuration list for PBXNativeTarget "PokemonFinal (macOS)" */;
			buildPhases = (
				1BCD3F1E28914A2C00A7A3B4 /* Sources */,
				1BCD3F1F28914A2C00A7A3B4 /* Frameworks */,
				1BCD3F2028914A2C00A7A3B4 /* Resources */,
			);
			buildRules = (
			);
			dependencies = (
			);
			name = "PokemonFinal (macOS)";
			productName = "PokemonFinal (macOS)";
			productReference = 1BCD3F2228914A2C00A7A3B4 /* PokemonFinal.app */;
			productType = "com.apple.product-type.application";
		};
		1BCD3F2828914A2C00A7A3B4 /* Tests iOS */ = {
			isa = PBXNativeTarget;
			buildConfigurationList = 1BCD3F4B28914A2D00A7A3B4 /* Build configuration list for PBXNativeTarget "Tests iOS" */;
			buildPhases = (
				1BCD3F2528914A2C00A7A3B4 /* Sources */,
				1BCD3F2628914A2C00A7A3B4 /* Frameworks */,
				1BCD3F2728914A2C00A7A3B4 /* Resources */,
			);
			buildRules = (
			);
			dependencies = (
				1BCD3F2B28914A2C00A7A3B4 /* PBXTargetDependency */,
			);
			name = "Tests iOS";
			productName = "Tests iOS";
			productReference = 1BCD3F2928914A2C00A7A3B4 /* Tests iOS.xctest */;
			productType = "com.apple.product-type.bundle.ui-testing";
		};
		1BCD3F3428914A2D00A7A3B4 /* Tests macOS */ = {
			isa = PBXNativeTarget;
			buildConfigurationList = 1BCD3F4E28914A2D00A7A3B4 /* Build configuration list for PBXNativeTarget "Tests macOS" */;
			buildPhases = (
				1BCD3F3128914A2D00A7A3B4 /* Sources */,
				1BCD3F3228914A2D00A7A3B4 /* Frameworks */,
				1BCD3F3328914A2D00A7A3B4 /* Resources */,
			);
			buildRules = (
			);
			dependencies = (
				1BCD3F3728914A2D00A7A3B4 /* PBXTargetDependency */,
			);
			name = "Tests macOS";
			productName = "Tests macOS";
			productReference = 1BCD3F3528914A2D00A7A3B4 /* Tests macOS.xctest */;
			productType = "com.apple.product-type.bundle.ui-testing";
		};
/* End PBXNativeTarget section */

/* Begin PBXProject section */
		1BCD3F1028914A2B00A7A3B4 /* Project object */ = {
			isa = PBXProject;
			attributes = {
				BuildIndependentTargetsInParallel = 1;
				LastSwiftUpdateCheck = 1340;
				LastUpgradeCheck = 1340;
				TargetAttributes = {
					1BCD3F1B28914A2C00A7A3B4 = {
						CreatedOnToolsVersion = 13.4.1;
					};
					1BCD3F2128914A2C00A7A3B4 = {
						CreatedOnToolsVersion = 13.4.1;
					};
					1BCD3F2828914A2C00A7A3B4 = {
						CreatedOnToolsVersion = 13.4.1;
						TestTargetID = 1BCD3F1B28914A2C00A7A3B4;
					};
					1BCD3F3428914A2D00A7A3B4 = {
						CreatedOnToolsVersion = 13.4.1;
						TestTargetID = 1BCD3F2128914A2C00A7A3B4;
					};
				};
			};
			buildConfigurationList = 1BCD3F1328914A2B00A7A3B4 /* Build configuration list for PBXProject "PokemonFinal" */;
			compatibilityVersion = "Xcode 13.0";
			developmentRegion = en;
			hasScannedForEncodings = 0;
			knownRegions = (
				en,
				Base,
			);
			mainGroup = 1BCD3F0F28914A2B00A7A3B4;
			productRefGroup = 1BCD3F1D28914A2C00A7A3B4 /* Products */;
			projectDirPath = "";
			projectRoot = "";
			targets = (
				1BCD3F1B28914A2C00A7A3B4 /* PokemonFinal (iOS) */,
				1BCD3F2128914A2C00A7A3B4 /* PokemonFinal (macOS) */,
				1BCD3F2828914A2C00A7A3B4 /* Tests iOS */,
				1BCD3F3428914A2D00A7A3B4 /* Tests macOS */,
			);
		};
/* End PBXProject section */

/* Begin PBXResourcesBuildPhase section */
		1BCD3F1A28914A2C00A7A3B4 /* Resources */ = {
			isa = PBXResourcesBuildPhase;
			buildActionMask = 2147483647;
			files = (
				1BCD3F4128914A2D00A7A3B4 /* Assets.xcassets in Resources */,
			);
			runOnlyForDeploymentPostprocessing = 0;
		};
		1BCD3F2028914A2C00A7A3B4 /* Resources */ = {
			isa = PBXResourcesBuildPhase;
			buildActionMask = 2147483647;
			files = (
				1BCD3F4228914A2D00A7A3B4 /* Assets.xcassets in Resources */,
			);
			runOnlyForDeploymentPostprocessing = 0;
		};
		1BCD3F2728914A2C00A7A3B4 /* Resources */ = {
			isa = PBXResourcesBuildPhase;
			buildActionMask = 2147483647;
			files = (
			);
			runOnlyForDeploymentPostprocessing = 0;
		};
		1BCD3F3328914A2D00A7A3B4 /* Resources */ = {
			isa = PBXResourcesBuildPhase;
			buildActionMask = 2147483647;
			files = (
			);
			runOnlyForDeploymentPostprocessing = 0;
		};
/* End PBXResourcesBuildPhase section */

/* Begin PBXSourcesBuildPhase section */
		1BCD3F1828914A2C00A7A3B4 /* Sources */ = {
			isa = PBXSourcesBuildPhase;
			buildActionMask = 2147483647;
			files = (
				1BCD3F5A28914ACA00A7A3B4 /* Pokemon.swift in Sources */,
				1B8417CF28996926007CAA5D /* PokemonPartyView.swift in Sources */,
				1B748A8D2892C7E0008AC086 /* StatView.swift in Sources */,
				1B85BBEE28981ABF0013EFCF /* CoreDataModel.xcdatamodeld in Sources */,
				1B7E0BAE289570420028B1EA /* ButtonView.swift in Sources */,
				1B7DCE47289AC25600B4BA8E /* PokebattleVIew.swift in Sources */,
				1BCD3F3F28914A2D00A7A3B4 /* ContentView.swift in Sources */,
				1BCD3F5D2891525900A7A3B4 /* PokeDetailView.swift in Sources */,
				1BCD3F3D28914A2D00A7A3B4 /* PokemonFinalApp.swift in Sources */,
				1B7CFC4128960DD6007591A9 /* teste.swift in Sources */,
				1BCD3F5828914ACA00A7A3B4 /* PokemonSelected.swift in Sources */,
				1BCD3F5428914AAB00A7A3B4 /* PokemonImage.swift in Sources */,
				1B85BBF128981F170013EFCF /* CoreDataManager.swift in Sources */,
			);
			runOnlyForDeploymentPostprocessing = 0;
		};
		1BCD3F1E28914A2C00A7A3B4 /* Sources */ = {
			isa = PBXSourcesBuildPhase;
			buildActionMask = 2147483647;
			files = (
				1BCD3F5B28914ACA00A7A3B4 /* Pokemon.swift in Sources */,
				1B8417D028996926007CAA5D /* PokemonPartyView.swift in Sources */,
				1B748A8E2892C7E0008AC086 /* StatView.swift in Sources */,
				1B85BBEF28981ABF0013EFCF /* CoreDataModel.xcdatamodeld in Sources */,
				1B7E0BAF289570420028B1EA /* ButtonView.swift in Sources */,
				1B7DCE48289AC25600B4BA8E /* PokebattleVIew.swift in Sources */,
				1BCD3F4028914A2D00A7A3B4 /* ContentView.swift in Sources */,
				1BCD3F5E2891525900A7A3B4 /* PokeDetailView.swift in Sources */,
				1BCD3F3E28914A2D00A7A3B4 /* PokemonFinalApp.swift in Sources */,
				1B7CFC4228960DD6007591A9 /* teste.swift in Sources */,
				1BCD3F5928914ACA00A7A3B4 /* PokemonSelected.swift in Sources */,
				1BCD3F5528914AAB00A7A3B4 /* PokemonImage.swift in Sources */,
				1B85BBF228981F170013EFCF /* CoreDataManager.swift in Sources */,
			);
			runOnlyForDeploymentPostprocessing = 0;
		};
		1BCD3F2528914A2C00A7A3B4 /* Sources */ = {
			isa = PBXSourcesBuildPhase;
			buildActionMask = 2147483647;
			files = (
				1BCD3F3028914A2C00A7A3B4 /* Tests_iOSLaunchTests.swift in Sources */,
				1BCD3F2E28914A2C00A7A3B4 /* Tests_iOS.swift in Sources */,
			);
			runOnlyForDeploymentPostprocessing = 0;
		};
		1BCD3F3128914A2D00A7A3B4 /* Sources */ = {
			isa = PBXSourcesBuildPhase;
			buildActionMask = 2147483647;
			files = (
				1BCD3F3C28914A2D00A7A3B4 /* Tests_macOSLaunchTests.swift in Sources */,
				1BCD3F3A28914A2D00A7A3B4 /* Tests_macOS.swift in Sources */,
			);
			runOnlyForDeploymentPostprocessing = 0;
		};
/* End PBXSourcesBuildPhase section */

/* Begin PBXTargetDependency section */
		1BCD3F2B28914A2C00A7A3B4 /* PBXTargetDependency */ = {
			isa = PBXTargetDependency;
			target = 1BCD3F1B28914A2C00A7A3B4 /* PokemonFinal (iOS) */;
			targetProxy = 1BCD3F2A28914A2C00A7A3B4 /* PBXContainerItemProxy */;
		};
		1BCD3F3728914A2D00A7A3B4 /* PBXTargetDependency */ = {
			isa = PBXTargetDependency;
			target = 1BCD3F2128914A2C00A7A3B4 /* PokemonFinal (macOS) */;
			targetProxy = 1BCD3F3628914A2D00A7A3B4 /* PBXContainerItemProxy */;
		};
/* End PBXTargetDependency section */

/* Begin XCBuildConfiguration section */
		1BCD3F4328914A2D00A7A3B4 /* Debug */ = {
			isa = XCBuildConfiguration;
			buildSettings = {
				ALWAYS_SEARCH_USER_PATHS = NO;
				CLANG_ANALYZER_NONNULL = YES;
				CLANG_ANALYZER_NUMBER_OBJECT_CONVERSION = YES_AGGRESSIVE;
				CLANG_CXX_LANGUAGE_STANDARD = "gnu++17";
				CLANG_ENABLE_MODULES = YES;
				CLANG_ENABLE_OBJC_ARC = YES;
				CLANG_ENABLE_OBJC_WEAK = YES;
				CLANG_WARN_BLOCK_CAPTURE_AUTORELEASING = YES;
				CLANG_WARN_BOOL_CONVERSION = YES;
				CLANG_WARN_COMMA = YES;
				CLANG_WARN_CONSTANT_CONVERSION = YES;
				CLANG_WARN_DEPRECATED_OBJC_IMPLEMENTATIONS = YES;
				CLANG_WARN_DIRECT_OBJC_ISA_USAGE = YES_ERROR;
				CLANG_WARN_DOCUMENTATION_COMMENTS = YES;
				CLANG_WARN_EMPTY_BODY = YES;
				CLANG_WARN_ENUM_CONVERSION = YES;
				CLANG_WARN_INFINITE_RECURSION = YES;
				CLANG_WARN_INT_CONVERSION = YES;
				CLANG_WARN_NON_LITERAL_NULL_CONVERSION = YES;
				CLANG_WARN_OBJC_IMPLICIT_RETAIN_SELF = YES;
				CLANG_WARN_OBJC_LITERAL_CONVERSION = YES;
				CLANG_WARN_OBJC_ROOT_CLASS = YES_ERROR;
				CLANG_WARN_QUOTED_INCLUDE_IN_FRAMEWORK_HEADER = YES;
				CLANG_WARN_RANGE_LOOP_ANALYSIS = YES;
				CLANG_WARN_STRICT_PROTOTYPES = YES;
				CLANG_WARN_SUSPICIOUS_MOVE = YES;
				CLANG_WARN_UNGUARDED_AVAILABILITY = YES_AGGRESSIVE;
				CLANG_WARN_UNREACHABLE_CODE = YES;
				CLANG_WARN__DUPLICATE_METHOD_MATCH = YES;
				COPY_PHASE_STRIP = NO;
				DEBUG_INFORMATION_FORMAT = dwarf;
				ENABLE_STRICT_OBJC_MSGSEND = YES;
				ENABLE_TESTABILITY = YES;
				GCC_C_LANGUAGE_STANDARD = gnu11;
				GCC_DYNAMIC_NO_PIC = NO;
				GCC_NO_COMMON_BLOCKS = YES;
				GCC_OPTIMIZATION_LEVEL = 0;
				GCC_PREPROCESSOR_DEFINITIONS = (
					"DEBUG=1",
					"$(inherited)",
				);
				GCC_WARN_64_TO_32_BIT_CONVERSION = YES;
				GCC_WARN_ABOUT_RETURN_TYPE = YES_ERROR;
				GCC_WARN_UNDECLARED_SELECTOR = YES;
				GCC_WARN_UNINITIALIZED_AUTOS = YES_AGGRESSIVE;
				GCC_WARN_UNUSED_FUNCTION = YES;
				GCC_WARN_UNUSED_VARIABLE = YES;
				MTL_ENABLE_DEBUG_INFO = INCLUDE_SOURCE;
				MTL_FAST_MATH = YES;
				ONLY_ACTIVE_ARCH = YES;
				SWIFT_ACTIVE_COMPILATION_CONDITIONS = DEBUG;
				SWIFT_OPTIMIZATION_LEVEL = "-Onone";
			};
			name = Debug;
		};
		1BCD3F4428914A2D00A7A3B4 /* Release */ = {
			isa = XCBuildConfiguration;
			buildSettings = {
				ALWAYS_SEARCH_USER_PATHS = NO;
				CLANG_ANALYZER_NONNULL = YES;
				CLANG_ANALYZER_NUMBER_OBJECT_CONVERSION = YES_AGGRESSIVE;
				CLANG_CXX_LANGUAGE_STANDARD = "gnu++17";
				CLANG_ENABLE_MODULES = YES;
				CLANG_ENABLE_OBJC_ARC = YES;
				CLANG_ENABLE_OBJC_WEAK = YES;
				CLANG_WARN_BLOCK_CAPTURE_AUTORELEASING = YES;
				CLANG_WARN_BOOL_CONVERSION = YES;
				CLANG_WARN_COMMA = YES;
				CLANG_WARN_CONSTANT_CONVERSION = YES;
				CLANG_WARN_DEPRECATED_OBJC_IMPLEMENTATIONS = YES;
				CLANG_WARN_DIRECT_OBJC_ISA_USAGE = YES_ERROR;
				CLANG_WARN_DOCUMENTATION_COMMENTS = YES;
				CLANG_WARN_EMPTY_BODY = YES;
				CLANG_WARN_ENUM_CONVERSION = YES;
				CLANG_WARN_INFINITE_RECURSION = YES;
				CLANG_WARN_INT_CONVERSION = YES;
				CLANG_WARN_NON_LITERAL_NULL_CONVERSION = YES;
				CLANG_WARN_OBJC_IMPLICIT_RETAIN_SELF = YES;
				CLANG_WARN_OBJC_LITERAL_CONVERSION = YES;
				CLANG_WARN_OBJC_ROOT_CLASS = YES_ERROR;
				CLANG_WARN_QUOTED_INCLUDE_IN_FRAMEWORK_HEADER = YES;
				CLANG_WARN_RANGE_LOOP_ANALYSIS = YES;
				CLANG_WARN_STRICT_PROTOTYPES = YES;
				CLANG_WARN_SUSPICIOUS_MOVE = YES;
				CLANG_WARN_UNGUARDED_AVAILABILITY = YES_AGGRESSIVE;
				CLANG_WARN_UNREACHABLE_CODE = YES;
				CLANG_WARN__DUPLICATE_METHOD_MATCH = YES;
				COPY_PHASE_STRIP = NO;
				DEBUG_INFORMATION_FORMAT = "dwarf-with-dsym";
				ENABLE_NS_ASSERTIONS = NO;
				ENABLE_STRICT_OBJC_MSGSEND = YES;
				GCC_C_LANGUAGE_STANDARD = gnu11;
				GCC_NO_COMMON_BLOCKS = YES;
				GCC_WARN_64_TO_32_BIT_CONVERSION = YES;
				GCC_WARN_ABOUT_RETURN_TYPE = YES_ERROR;
				GCC_WARN_UNDECLARED_SELECTOR = YES;
				GCC_WARN_UNINITIALIZED_AUTOS = YES_AGGRESSIVE;
				GCC_WARN_UNUSED_FUNCTION = YES;
				GCC_WARN_UNUSED_VARIABLE = YES;
				MTL_ENABLE_DEBUG_INFO = NO;
				MTL_FAST_MATH = YES;
				SWIFT_COMPILATION_MODE = wholemodule;
				SWIFT_OPTIMIZATION_LEVEL = "-O";
			};
			name = Release;
		};
		1BCD3F4628914A2D00A7A3B4 /* Debug */ = {
			isa = XCBuildConfiguration;
			buildSettings = {
				ASSETCATALOG_COMPILER_APPICON_NAME = AppIcon;
				ASSETCATALOG_COMPILER_GLOBAL_ACCENT_COLOR_NAME = AccentColor;
				CODE_SIGN_STYLE = Automatic;
				CURRENT_PROJECT_VERSION = 1;
				ENABLE_PREVIEWS = YES;
				GENERATE_INFOPLIST_FILE = YES;
				INFOPLIST_KEY_UIApplicationSceneManifest_Generation = YES;
				INFOPLIST_KEY_UIApplicationSupportsIndirectInputEvents = YES;
				INFOPLIST_KEY_UILaunchScreen_Generation = YES;
				INFOPLIST_KEY_UISupportedInterfaceOrientations_iPad = "UIInterfaceOrientationPortrait UIInterfaceOrientationPortraitUpsideDown UIInterfaceOrientationLandscapeLeft UIInterfaceOrientationLandscapeRight";
				INFOPLIST_KEY_UISupportedInterfaceOrientations_iPhone = "UIInterfaceOrientationPortrait UIInterfaceOrientationLandscapeLeft UIInterfaceOrientationLandscapeRight";
				IPHONEOS_DEPLOYMENT_TARGET = 15.5;
				LD_RUNPATH_SEARCH_PATHS = (
					"$(inherited)",
					"@executable_path/Frameworks",
				);
				MARKETING_VERSION = 1.0;
				PRODUCT_BUNDLE_IDENTIFIER = "-34.PokemonFinal";
				PRODUCT_NAME = PokemonFinal;
				SDKROOT = iphoneos;
				SWIFT_EMIT_LOC_STRINGS = YES;
				SWIFT_VERSION = 5.0;
				TARGETED_DEVICE_FAMILY = "1,2";
			};
			name = Debug;
		};
		1BCD3F4728914A2D00A7A3B4 /* Release */ = {
			isa = XCBuildConfiguration;
			buildSettings = {
				ASSETCATALOG_COMPILER_APPICON_NAME = AppIcon;
				ASSETCATALOG_COMPILER_GLOBAL_ACCENT_COLOR_NAME = AccentColor;
				CODE_SIGN_STYLE = Automatic;
				CURRENT_PROJECT_VERSION = 1;
				ENABLE_PREVIEWS = YES;
				GENERATE_INFOPLIST_FILE = YES;
				INFOPLIST_KEY_UIApplicationSceneManifest_Generation = YES;
				INFOPLIST_KEY_UIApplicationSupportsIndirectInputEvents = YES;
				INFOPLIST_KEY_UILaunchScreen_Generation = YES;
				INFOPLIST_KEY_UISupportedInterfaceOrientations_iPad = "UIInterfaceOrientationPortrait UIInterfaceOrientationPortraitUpsideDown UIInterfaceOrientationLandscapeLeft UIInterfaceOrientationLandscapeRight";
				INFOPLIST_KEY_UISupportedInterfaceOrientations_iPhone = "UIInterfaceOrientationPortrait UIInterfaceOrientationLandscapeLeft UIInterfaceOrientationLandscapeRight";
				IPHONEOS_DEPLOYMENT_TARGET = 15.5;
				LD_RUNPATH_SEARCH_PATHS = (
					"$(inherited)",
					"@executable_path/Frameworks",
				);
				MARKETING_VERSION = 1.0;
				PRODUCT_BUNDLE_IDENTIFIER = "-34.PokemonFinal";
				PRODUCT_NAME = PokemonFinal;
				SDKROOT = iphoneos;
				SWIFT_EMIT_LOC_STRINGS = YES;
				SWIFT_VERSION = 5.0;
				TARGETED_DEVICE_FAMILY = "1,2";
				VALIDATE_PRODUCT = YES;
			};
			name = Release;
		};
		1BCD3F4928914A2D00A7A3B4 /* Debug */ = {
			isa = XCBuildConfiguration;
			buildSettings = {
				ASSETCATALOG_COMPILER_APPICON_NAME = AppIcon;
				ASSETCATALOG_COMPILER_GLOBAL_ACCENT_COLOR_NAME = AccentColor;
				CODE_SIGN_ENTITLEMENTS = macOS/macOS.entitlements;
				CODE_SIGN_STYLE = Automatic;
				COMBINE_HIDPI_IMAGES = YES;
				CURRENT_PROJECT_VERSION = 1;
				ENABLE_PREVIEWS = YES;
				GENERATE_INFOPLIST_FILE = YES;
				INFOPLIST_KEY_NSHumanReadableCopyright = "";
				LD_RUNPATH_SEARCH_PATHS = (
					"$(inherited)",
					"@executable_path/../Frameworks",
				);
				MACOSX_DEPLOYMENT_TARGET = 12.0;
				MARKETING_VERSION = 1.0;
				PRODUCT_BUNDLE_IDENTIFIER = "-34.PokemonFinal";
				PRODUCT_NAME = PokemonFinal;
				SDKROOT = macosx;
				SWIFT_EMIT_LOC_STRINGS = YES;
				SWIFT_VERSION = 5.0;
			};
			name = Debug;
		};
		1BCD3F4A28914A2D00A7A3B4 /* Release */ = {
			isa = XCBuildConfiguration;
			buildSettings = {
				ASSETCATALOG_COMPILER_APPICON_NAME = AppIcon;
				ASSETCATALOG_COMPILER_GLOBAL_ACCENT_COLOR_NAME = AccentColor;
				CODE_SIGN_ENTITLEMENTS = macOS/macOS.entitlements;
				CODE_SIGN_STYLE = Automatic;
				COMBINE_HIDPI_IMAGES = YES;
				CURRENT_PROJECT_VERSION = 1;
				ENABLE_PREVIEWS = YES;
				GENERATE_INFOPLIST_FILE = YES;
				INFOPLIST_KEY_NSHumanReadableCopyright = "";
				LD_RUNPATH_SEARCH_PATHS = (
					"$(inherited)",
					"@executable_path/../Frameworks",
				);
				MACOSX_DEPLOYMENT_TARGET = 12.0;
				MARKETING_VERSION = 1.0;
				PRODUCT_BUNDLE_IDENTIFIER = "-34.PokemonFinal";
				PRODUCT_NAME = PokemonFinal;
				SDKROOT = macosx;
				SWIFT_EMIT_LOC_STRINGS = YES;
				SWIFT_VERSION = 5.0;
			};
			name = Release;
		};
		1BCD3F4C28914A2D00A7A3B4 /* Debug */ = {
			isa = XCBuildConfiguration;
			buildSettings = {
				ALWAYS_EMBED_SWIFT_STANDARD_LIBRARIES = YES;
				CODE_SIGN_STYLE = Automatic;
				CURRENT_PROJECT_VERSION = 1;
				GENERATE_INFOPLIST_FILE = YES;
				IPHONEOS_DEPLOYMENT_TARGET = 15.5;
				MARKETING_VERSION = 1.0;
				PRODUCT_BUNDLE_IDENTIFIER = "-34.Tests-iOS";
				PRODUCT_NAME = "$(TARGET_NAME)";
				SDKROOT = iphoneos;
				SWIFT_EMIT_LOC_STRINGS = NO;
				SWIFT_VERSION = 5.0;
				TARGETED_DEVICE_FAMILY = "1,2";
				TEST_TARGET_NAME = "PokemonFinal (iOS)";
			};
			name = Debug;
		};
		1BCD3F4D28914A2D00A7A3B4 /* Release */ = {
			isa = XCBuildConfiguration;
			buildSettings = {
				ALWAYS_EMBED_SWIFT_STANDARD_LIBRARIES = YES;
				CODE_SIGN_STYLE = Automatic;
				CURRENT_PROJECT_VERSION = 1;
				GENERATE_INFOPLIST_FILE = YES;
				IPHONEOS_DEPLOYMENT_TARGET = 15.5;
				MARKETING_VERSION = 1.0;
				PRODUCT_BUNDLE_IDENTIFIER = "-34.Tests-iOS";
				PRODUCT_NAME = "$(TARGET_NAME)";
				SDKROOT = iphoneos;
				SWIFT_EMIT_LOC_STRINGS = NO;
				SWIFT_VERSION = 5.0;
				TARGETED_DEVICE_FAMILY = "1,2";
				TEST_TARGET_NAME = "PokemonFinal (iOS)";
				VALIDATE_PRODUCT = YES;
			};
			name = Release;
		};
		1BCD3F4F28914A2D00A7A3B4 /* Debug */ = {
			isa = XCBuildConfiguration;
			buildSettings = {
				ALWAYS_EMBED_SWIFT_STANDARD_LIBRARIES = YES;
				CODE_SIGN_STYLE = Automatic;
				CURRENT_PROJECT_VERSION = 1;
				GENERATE_INFOPLIST_FILE = YES;
				MACOSX_DEPLOYMENT_TARGET = 12.0;
				MARKETING_VERSION = 1.0;
				PRODUCT_BUNDLE_IDENTIFIER = "-34.Tests-macOS";
				PRODUCT_NAME = "$(TARGET_NAME)";
				SDKROOT = macosx;
				SWIFT_EMIT_LOC_STRINGS = NO;
				SWIFT_VERSION = 5.0;
				TEST_TARGET_NAME = "PokemonFinal (macOS)";
			};
			name = Debug;
		};
		1BCD3F5028914A2D00A7A3B4 /* Release */ = {
			isa = XCBuildConfiguration;
			buildSettings = {
				ALWAYS_EMBED_SWIFT_STANDARD_LIBRARIES = YES;
				CODE_SIGN_STYLE = Automatic;
				CURRENT_PROJECT_VERSION = 1;
				GENERATE_INFOPLIST_FILE = YES;
				MACOSX_DEPLOYMENT_TARGET = 12.0;
				MARKETING_VERSION = 1.0;
				PRODUCT_BUNDLE_IDENTIFIER = "-34.Tests-macOS";
				PRODUCT_NAME = "$(TARGET_NAME)";
				SDKROOT = macosx;
				SWIFT_EMIT_LOC_STRINGS = NO;
				SWIFT_VERSION = 5.0;
				TEST_TARGET_NAME = "PokemonFinal (macOS)";
			};
			name = Release;
		};
/* End XCBuildConfiguration section */

/* Begin XCConfigurationList section */
		1BCD3F1328914A2B00A7A3B4 /* Build configuration list for PBXProject "PokemonFinal" */ = {
			isa = XCConfigurationList;
			buildConfigurations = (
				1BCD3F4328914A2D00A7A3B4 /* Debug */,
				1BCD3F4428914A2D00A7A3B4 /* Release */,
			);
			defaultConfigurationIsVisible = 0;
			defaultConfigurationName = Release;
		};
		1BCD3F4528914A2D00A7A3B4 /* Build configuration list for PBXNativeTarget "PokemonFinal (iOS)" */ = {
			isa = XCConfigurationList;
			buildConfigurations = (
				1BCD3F4628914A2D00A7A3B4 /* Debug */,
				1BCD3F4728914A2D00A7A3B4 /* Release */,
			);
			defaultConfigurationIsVisible = 0;
			defaultConfigurationName = Release;
		};
		1BCD3F4828914A2D00A7A3B4 /* Build configuration list for PBXNativeTarget "PokemonFinal (macOS)" */ = {
			isa = XCConfigurationList;
			buildConfigurations = (
				1BCD3F4928914A2D00A7A3B4 /* Debug */,
				1BCD3F4A28914A2D00A7A3B4 /* Release */,
			);
			defaultConfigurationIsVisible = 0;
			defaultConfigurationName = Release;
		};
		1BCD3F4B28914A2D00A7A3B4 /* Build configuration list for PBXNativeTarget "Tests iOS" */ = {
			isa = XCConfigurationList;
			buildConfigurations = (
				1BCD3F4C28914A2D00A7A3B4 /* Debug */,
				1BCD3F4D28914A2D00A7A3B4 /* Release */,
			);
			defaultConfigurationIsVisible = 0;
			defaultConfigurationName = Release;
		};
		1BCD3F4E28914A2D00A7A3B4 /* Build configuration list for PBXNativeTarget "Tests macOS" */ = {
			isa = XCConfigurationList;
			buildConfigurations = (
				1BCD3F4F28914A2D00A7A3B4 /* Debug */,
				1BCD3F5028914A2D00A7A3B4 /* Release */,
			);
			defaultConfigurationIsVisible = 0;
			defaultConfigurationName = Release;
		};
/* End XCConfigurationList section */

/* Begin XCVersionGroup section */
		1B85BBEC28981ABF0013EFCF /* CoreDataModel.xcdatamodeld */ = {
			isa = XCVersionGroup;
			children = (
				1B85BBED28981ABF0013EFCF /* CoreDataModel.xcdatamodel */,
			);
			currentVersion = 1B85BBED28981ABF0013EFCF /* CoreDataModel.xcdatamodel */;
			path = CoreDataModel.xcdatamodeld;
			sourceTree = "<group>";
			versionGroupType = wrapper.xcdatamodel;
		};
/* End XCVersionGroup section */
	};
	rootObject = 1BCD3F1028914A2B00A7A3B4 /* Project object */;
}
